
Microsoft Visual Studio Solution File, Format Version 12.00
# Visual Studio 2012
Project("{FAE04EC0-301F-11D3-BF4B-00C04F79EFBC}") = "RaffleSystem", "RaffleSystem\RaffleSystem.csproj", "{3977EC16-8242-45F4-AC1B-E5196DBD2551}"
EndProject
Project("{2150E333-8FDC-42A3-9474-1A3956D46DE8}") = "DBScripts", "DBScripts", "{227E58A7-28AB-42D1-BB08-AED0355A9341}"
	ProjectSection(SolutionItems) = preProject
		DBScripts\RaffleSys.sql = DBScripts\RaffleSys.sql
	EndProjectSection
EndProject
Global
	GlobalSection(SolutionConfigurationPlatforms) = preSolution
		Debug|Any CPU = Debug|Any CPU
		Release|Any CPU = Release|Any CPU
	EndGlobalSection
	GlobalSection(ProjectConfigurationPlatforms) = postSolution
		{3977EC16-8242-45F4-AC1B-E5196DBD2551}.Debug|Any CPU.ActiveCfg = Debug|Any CPU
		{3977EC16-8242-45F4-AC1B-E5196DBD2551}.Debug|Any CPU.Build.0 = Debug|Any CPU
		{3977EC16-8242-45F4-AC1B-E5196DBD2551}.Release|Any CPU.ActiveCfg = Release|Any CPU
		{3977EC16-8242-45F4-AC1B-E5196DBD2551}.Release|Any CPU.Build.0 = Release|Any CPU
	EndGlobalSection
	GlobalSection(SolutionProperties) = preSolution
		HideSolutionNode = FALSE
	EndGlobalSection
EndGlobal
